
Microsoft Visual Studio Solution File, Format Version 12.00
# Visual Studio Version 17
VisualStudioVersion = 17.13.35828.75
MinimumVisualStudioVersion = 10.0.40219.1
Project("{FAE04EC0-301F-11D3-BF4B-00C04F79EFBC}") = "Personal Expense Tracker", "Personal Expense Tracker\Personal Expense Tracker.csproj", "{8F1911B1-DCFF-4E6A-A474-64D2184598FB}"
EndProject
Global
	GlobalSection(SolutionConfigurationPlatforms) = preSolution
		Debug|Any CPU = Debug|Any CPU
		Debug|x86 = Debug|x86
		Release|Any CPU = Release|Any CPU
		Release|x86 = Release|x86
	EndGlobalSection
	GlobalSection(ProjectConfigurationPlatforms) = postSolution
		{8F1911B1-DCFF-4E6A-A474-64D2184598FB}.Debug|Any CPU.ActiveCfg = Debug|Any CPU
		{8F1911B1-DCFF-4E6A-A474-64D2184598FB}.Debug|Any CPU.Build.0 = Debug|Any CPU
		{8F1911B1-DCFF-4E6A-A474-64D2184598FB}.Debug|x86.ActiveCfg = Debug|x86
		{8F1911B1-DCFF-4E6A-A474-64D2184598FB}.Debug|x86.Build.0 = Debug|x86
		{8F1911B1-DCFF-4E6A-A474-64D2184598FB}.Release|Any CPU.ActiveCfg = Release|Any CPU
		{8F1911B1-DCFF-4E6A-A474-64D2184598FB}.Release|Any CPU.Build.0 = Release|Any CPU
		{8F1911B1-DCFF-4E6A-A474-64D2184598FB}.Release|x86.ActiveCfg = Release|x86
		{8F1911B1-DCFF-4E6A-A474-64D2184598FB}.Release|x86.Build.0 = Release|x86
	EndGlobalSection
	GlobalSection(SolutionProperties) = preSolution
		HideSolutionNode = FALSE
	EndGlobalSection
	GlobalSection(ExtensibilityGlobals) = postSolution
		SolutionGuid = {A60188A0-C7E6-4E40-8FFE-CEB3FEAA9AC0}
	EndGlobalSection
EndGlobal
